
Microsoft Visual Studio Solution File, Format Version 12.00
# Visual Studio Version 17
VisualStudioVersion = 17.0.32126.317
MinimumVisualStudioVersion = 10.0.40219.1
Project("{FAE04EC0-301F-11D3-BF4B-00C04F79EFBC}") = "RedisExample", "RedisExample\RedisExample.csproj", "{1491B395-F04B-44C1-A52E-5196D94900C6}"
EndProject
Project("{FAE04EC0-301F-11D3-BF4B-00C04F79EFBC}") = "RedisExample.Business", "RedisExample.Business\RedisExample.Business.csproj", "{18B2C6D7-3CF1-4304-9088-11EABC05CE17}"
EndProject
Global
	GlobalSection(SolutionConfigurationPlatforms) = preSolution
		Debug|Any CPU = Debug|Any CPU
		Release|Any CPU = Release|Any CPU
	EndGlobalSection
	GlobalSection(ProjectConfigurationPlatforms) = postSolution
		{1491B395-F04B-44C1-A52E-5196D94900C6}.Debug|Any CPU.ActiveCfg = Debug|Any CPU
		{1491B395-F04B-44C1-A52E-5196D94900C6}.Debug|Any CPU.Build.0 = Debug|Any CPU
		{1491B395-F04B-44C1-A52E-5196D94900C6}.Release|Any CPU.ActiveCfg = Release|Any CPU
		{1491B395-F04B-44C1-A52E-5196D94900C6}.Release|Any CPU.Build.0 = Release|Any CPU
		{18B2C6D7-3CF1-4304-9088-11EABC05CE17}.Debug|Any CPU.ActiveCfg = Debug|Any CPU
		{18B2C6D7-3CF1-4304-9088-11EABC05CE17}.Debug|Any CPU.Build.0 = Debug|Any CPU
		{18B2C6D7-3CF1-4304-9088-11EABC05CE17}.Release|Any CPU.ActiveCfg = Release|Any CPU
		{18B2C6D7-3CF1-4304-9088-11EABC05CE17}.Release|Any CPU.Build.0 = Release|Any CPU
	EndGlobalSection
	GlobalSection(SolutionProperties) = preSolution
		HideSolutionNode = FALSE
	EndGlobalSection
	GlobalSection(ExtensibilityGlobals) = postSolution
		SolutionGuid = {3A5D856B-8FD0-42F4-BC43-7512F6AD2F88}
	EndGlobalSection
EndGlobal
